
Microsoft Visual Studio Solution File, Format Version 12.00
# Visual Studio Version 17
VisualStudioVersion = 17.9.34622.214
MinimumVisualStudioVersion = 10.0.40219.1
Project("{FAE04EC0-301F-11D3-BF4B-00C04F79EFBC}") = "WebApplication2", "WebApplication2.csproj", "{A481F432-AF7E-48CE-94EC-3C0E22D80056}"
EndProject
Global
	GlobalSection(SolutionConfigurationPlatforms) = preSolution
		Debug|Any CPU = Debug|Any CPU
		Release|Any CPU = Release|Any CPU
	EndGlobalSection
	GlobalSection(ProjectConfigurationPlatforms) = postSolution
		{A481F432-AF7E-48CE-94EC-3C0E22D80056}.Debug|Any CPU.ActiveCfg = Debug|Any CPU
		{A481F432-AF7E-48CE-94EC-3C0E22D80056}.Debug|Any CPU.Build.0 = Debug|Any CPU
		{A481F432-AF7E-48CE-94EC-3C0E22D80056}.Release|Any CPU.ActiveCfg = Release|Any CPU
		{A481F432-AF7E-48CE-94EC-3C0E22D80056}.Release|Any CPU.Build.0 = Release|Any CPU
	EndGlobalSection
	GlobalSection(SolutionProperties) = preSolution
		HideSolutionNode = FALSE
	EndGlobalSection
	GlobalSection(ExtensibilityGlobals) = postSolution
		SolutionGuid = {EF724CE7-EDD7-4A94-B1CE-9DA1DA4D50B6}
	EndGlobalSection
EndGlobal
